github.com/Azure/azure-sdk-for-go/sdk/azcore v1.4.0/go.mod h1:ON4tFdPTwRcgWEaVDrN3584Ef+b7GgSJaXxe5fW9t4M=
github.com/Azure/azure-sdk-for-go/sdk/azcore v1.6.0/go.mod h1:bjGvMhVMb+EEm3VRNQawDMUyMMjo+S5ewNjflkep/0Q=
github.com/Azure/azure-sdk-for-go/sdk/azcore v1.6.1/go.mod h1:bjGvMhVMb+EEm3VRNQawDMUyMMjo+S5ewNjflkep/0Q=
github.com/Azure/azure-sdk-for-go/sdk/azcore v1.7.1/go.mod h1:bjGvMhVMb+EEm3VRNQawDMUyMMjo+S5ewNjflkep/0Q=
github.com/Azure/azure-sdk-for-go/sdk/azidentity v1.3.0/go.mod h1:OQeznEEkTZ9OrhHJoDD8ZDq51FHgXjqtP9z6bEwBq9U=
github.com/Azure/azure-sdk-for-go/sdk/internal v1.1.2/go.mod h1:eWRD7oawr1Mu1sLCawqVc0CUiF43ia3qQMxLscsKQ9w=
github.com/Azure/azure-sdk-for-go/sdk/internal v1.2.0/go.mod h1:eWRD7oawr1Mu1sLCawqVc0CUiF43ia3qQMxLscsKQ9w=
github.com/Azure/azure-sdk-for-go/sdk/internal v1.3.0/go.mod h1:okt5dMMTOFjX/aovMlrjvvXoPMBVSPzk9185BT0+eZM=
github.com/Azure/azure-sdk-for-go/sdk/security/keyvault/azkeys v1.0.0/go.mod h1:Q28U+75mpCaSCDowNEmhIo/rmgdkqmkmzI7N6TGR4UY=
github.com/Azure/azure-sdk-for-go/sdk/security/keyvault/internal v0.8.0/go.mod h1:cw4zVQgBby0Z5f2v0itn6se2dDP17nTjbZFXW5uPyHA=
github.com/AzureAD/microsoft-authentication-library-for-go v1.0.0/go.mod h1:kgDmCTgBzIEPFElEF+FK0SdjAor06dRq2Go927dnQ6o=
github.com/AzureAD/microsoft-authentication-library-for-go v1.1.0/go.mod h1:wP83P5OoQ5p6ip3ScPr0BAq0BvuPAvacpEuSzyouqAI=
github.com/davecgh/go-spew v1.1.0/go.mod h1:J7Y8YcW2NihsgmVo/mv3lAwl/skON4iLHjSsI+c5H38=
github.com/davecgh/go-spew v1.1.1/go.mod h1:J7Y8YcW2NihsgmVo/mv3lAwl/skON4iLHjSsI+c5H38=
github.com/dnaeon/go-vcr v1.1.0/go.mod h1:M7tiix8f0r6mKKJ3Yq/kqU1OYf3MnfmBWVbPx/yU9ko=
github.com/dnaeon/go-vcr v1.2.0/go.mod h1:R4UdLID7HZT3taECzJs4YgbbH6PIGXB6W/sc5OLb6RQ=
github.com/go-sql-driver/mysql v1.7.0/go.mod h1:OXbVy3sEdcQ2Doequ6Z5BW6fXNQTmx+9S1MCJN5yJMI=
github.com/go-sql-driver/mysql v1.7.1 h1:lUIinVbN1DY0xBg0eMOzmmtGoHwWBbvnWubQUrtU8EI=
github.com/go-sql-driver/mysql v1.7.1/go.mod h1:OXbVy3sEdcQ2Doequ6Z5BW6fXNQTmx+9S1MCJN5yJMI=
github.com/golang-jwt/jwt/v4 v4.4.3/go.mod h1:m21LjoU+eqJr34lmDMbreY2eSTRJ1cv77w39/MY0Ch0=
github.com/golang-jwt/jwt/v4 v4.5.0/go.mod h1:m21LjoU+eqJr34lmDMbreY2eSTRJ1cv77w39/MY0Ch0=
github.com/golang-jwt/jwt/v5 v5.0.0 h1:1n1XNM9hk7O9mnQoNBGolZvzebBQ7p93ULHRc28XJUE=
github.com/golang-jwt/jwt/v5 v5.0.0/go.mod h1:pqrtFR0X4osieyHYxtmOUWsAWrfe1Q5UVIyoH402zdk=
github.com/golang-jwt/jwt/v5 v5.2.0 h1:d/ix8ftRUorsN+5eMIlF4T6J8CAt9rch3My2winC1Jw=
github.com/golang-jwt/jwt/v5 v5.2.0/go.mod h1:pqrtFR0X4osieyHYxtmOUWsAWrfe1Q5UVIyoH402zdk=
github.com/golang-sql/civil v0.0.0-20220223132316-b832511892a9 h1:au07oEsX2xN0ktxqI+Sida1w446QrXBRJ0nee3SNZlA=
github.com/golang-sql/civil v0.0.0-20220223132316-b832511892a9/go.mod h1:8vg3r2VgvsThLBIFL93Qb5yWzgyZWhEmBwUJWevAkK0=
github.com/golang-sql/sqlexp v0.1.0 h1:ZCD6MBpcuOVfGVqsEmY5/4FtYiKz6tSyUv9LPEDei6A=
github.com/golang-sql/sqlexp v0.1.0/go.mod h1:J4ad9Vo8ZCWQ2GMrC4UCQy1JpCbwU9m3EOqtpKwwwHI=
github.com/google/uuid v1.3.0/go.mod h1:TIyPZe4MgqvfeYDBFedMoGGpEw/LqOeaOT+nhxU+yHo=
github.com/gorilla/securecookie v1.1.1/go.mod h1:ra0sb63/xPlUeL+yeDciTfxMRAA+MP+HVt/4epWDjd4=
github.com/gorilla/sessions v1.2.1/go.mod h1:dk2InVEVJ0sfLlnXv9EAgkf6ecYs/i80K/zI+bUmuGM=
github.com/hashicorp/go-uuid v1.0.2/go.mod h1:6SBZvOh/SIDV7/2o3Jml5SYk/TvGqwFJ/bN7x4byOro=
github.com/hashicorp/go-uuid v1.0.3/go.mod h1:6SBZvOh/SIDV7/2o3Jml5SYk/TvGqwFJ/bN7x4byOro=
github.com/jcmturner/aescts/v2 v2.0.0/go.mod h1:AiaICIRyfYg35RUkr8yESTqvSy7csK90qZ5xfvvsoNs=
github.com/jcmturner/dnsutils/v2 v2.0.0/go.mod h1:b0TnjGOvI/n42bZa+hmXL+kFJZsFT7G4t3HTlQ184QM=
github.com/jcmturner/gofork v1.7.6/go.mod h1:1622LH6i/EZqLloHfE7IeZ0uEJwMSUyQ/nDd82IeqRo=
github.com/jcmturner/goidentity/v6 v6.0.1/go.mod h1:X1YW3bgtvwAXju7V3LCIMpY0Gbxyjn/mY9zx4tFonSg=
github.com/jcmturner/gokrb5/v8 v8.4.4/go.mod h1:1btQEpgT6k+unzCwX1KdWMEwPPkkgBtP+F6aCACiMrs=
github.com/jcmturner/rpc/v2 v2.0.3/go.mod h1:VUJYCIDm3PVOEHw8sgt091/20OJjskO/YJki3ELg/Hc=
github.com/jinzhu/inflection v1.0.0 h1:K317FqzuhWc8YvSVlFMCCUb36O/S9MCKRDI7QkRKD/E=
github.com/jinzhu/inflection v1.0.0/go.mod h1:h+uFLlag+Qp1Va5pdKtLDYj+kHp5pxUVkryuEj+Srlc=
github.com/jinzhu/now v1.1.5 h1:/o9tlHleP7gOFmsnYNz3RGnqzefHA47wQpKrrdTIwXQ=
github.com/jinzhu/now v1.1.5/go.mod h1:d3SSVoowX0Lcu0IBviAWJpolVfI5UJVZZ7cO71lE/z8=
github.com/kylelemons/godebug v1.1.0/go.mod h1:9/0rRGxNHcop5bhtWyNeEfOS8JIWk580+fNqagV/RAw=
github.com/microsoft/go-mssqldb v1.1.0 h1:jsV+tpvcPTbNNKW0o3kiCD69kOHICsfjZ2VcVu2lKYc=
github.com/microsoft/go-mssqldb v1.1.0/go.mod h1:LzkFdl4z2Ck+Hi+ycGOTbL56VEfgoyA2DvYejrNGbRk=
github.com/microsoft/go-mssqldb v1.6.0 h1:mM3gYdVwEPFrlg/Dvr2DNVEgYFG7L42l+dGc67NNNpc=
github.com/microsoft/go-mssqldb v1.6.0/go.mod h1:00mDtPbeQCRGC1HwOOR5K/gr30P1NcEG0vx6Kbv2aJU=
github.com/modocache/gover v0.0.0-20171022184752-b58185e213c5/go.mod h1:caMODM3PzxT8aQXRPkAt8xlV/e7d7w8GM5g0fa5F0D8=
github.com/montanaflynn/stats v0.7.0/go.mod h1:etXPPgVO6n31NxCd9KQUMvCM+ve0ruNzt6R8Bnaayow=
github.com/pkg/browser v0.0.0-20210911075715-681adbf594b8/go.mod h1:HKlIX3XHQyzLZPlr7++PzdhaXEj94dEiJgZDTsxEqUI=
github.com/pmezard/go-difflib v1.0.0/go.mod h1:iKH77koFhYxTK1pcRnkKkqfTogsbg7gZNVY4sRDYZ/4=
github.com/starter-go/afs v0.9.2 h1:LwYcz7PWOK92lNBl11kK8J1xGhd1jbhs4d4ahBdg0eU=
github.com/starter-go/afs v0.9.2/go.mod h1:LbhQ6l5VwFV8YNtG+zSnMf2mLB/KCwK9id6zm9quFSU=
github.com/starter-go/afs v0.9.4 h1:0o96pOdtDvZcWSS5b7icbzYHq6hdfnHZyr+sXD6OZds=
github.com/starter-go/afs v0.9.4/go.mod h1:Kuwz+TntvRVUYJuHWfR9hkEIcBiIC3ScW9IS/gjJulM=
github.com/starter-go/afs v0.9.5 h1:nlXQwCzqI0fht6RrQYj+CBCH2dPX2j7HArkEf11Vhjw=
github.com/starter-go/afs v0.9.5/go.mod h1:Kuwz+TntvRVUYJuHWfR9hkEIcBiIC3ScW9IS/gjJulM=
github.com/starter-go/application v0.9.13 h1:a+P1bw7P8wyCPYe1QWzPBQe5sEqvZBaas7vrPYH5l3A=
github.com/starter-go/application v0.9.13/go.mod h1:c2hbSchCqAwnMifCYaCAcaFggl9WIwlwsDcVDGPlAsA=
github.com/starter-go/application v0.9.14 h1:rg9difstYVrHpCFi/Ir5Mwpq62/AyfiPpjnuGHZM/Y4=
github.com/starter-go/application v0.9.14/go.mod h1:c2hbSchCqAwnMifCYaCAcaFggl9WIwlwsDcVDGPlAsA=
github.com/starter-go/application v0.9.15 h1:2at047kjD7LKE/WETSH4ytbEJ9h+mX8zJVS+N17b7M4=
github.com/starter-go/application v0.9.15/go.mod h1:c2hbSchCqAwnMifCYaCAcaFggl9WIwlwsDcVDGPlAsA=
github.com/starter-go/application v0.9.18 h1:rAjCJvpZjzed7QsUnAh8rBQLFFQegyHKpetsv6i1UKo=
github.com/starter-go/application v0.9.18/go.mod h1:WXdBRmDnpM6+vAxbuYrOwqxWH1dcGxhXLmwFepRBCeA=
github.com/starter-go/application v0.9.20 h1:CxOmwhpr1Kz8mSv0e2T+j+CBPXvCmfMFCqHq5m+tBWk=
github.com/starter-go/application v0.9.20/go.mod h1:WXdBRmDnpM6+vAxbuYrOwqxWH1dcGxhXLmwFepRBCeA=
github.com/starter-go/application v0.9.23 h1:lyfwAjWfh2qgkQ4ydbSywNYc5EvFQe+p1vigvtd+JvU=
github.com/starter-go/application v0.9.23/go.mod h1:N7WtRDs9tdxU0tPAXqSo0tjyGlUuaB+Bs9reinO5igw=
github.com/starter-go/application v0.9.26 h1:D5xowoxKjXC2vUSheqCfAeM+oda+2BDaCg22XmyJ3YQ=
github.com/starter-go/application v0.9.26/go.mod h1:N7WtRDs9tdxU0tPAXqSo0tjyGlUuaB+Bs9reinO5igw=
github.com/starter-go/base v0.9.8 h1:RdKmOv/QXa2ba7JI/6+if/UwejvndX4u0WAp4xU7xPM=
github.com/starter-go/base v0.9.8/go.mod h1:855h0lveIH1dMfP5u2SQp8LWJlgdstRAEM+MV6HRfLg=
github.com/starter-go/base v0.9.9 h1:XLO0p4VWhMzS/LRnzlSJJdK9/ps0yVWUAaim5oCRJWM=
github.com/starter-go/base v0.9.9/go.mod h1:855h0lveIH1dMfP5u2SQp8LWJlgdstRAEM+MV6HRfLg=
github.com/starter-go/base v0.9.10 h1:jYZT6WpQdzK9ebEIt5obqg4aZHou5X+ZZA/71y2H+LI=
github.com/starter-go/base v0.9.10/go.mod h1:855h0lveIH1dMfP5u2SQp8LWJlgdstRAEM+MV6HRfLg=
github.com/starter-go/base v0.9.11 h1:QG5kcShJSV9cs2KEeqZ8UN9icM/0uPZwPFrh0XUOf+Q=
github.com/starter-go/base v0.9.11/go.mod h1:MMqPMFzwPHjKyfX0cMmkpAAbeJ0tJupFbI8D+x27fJM=
github.com/starter-go/configen v0.9.3 h1:OJi7A9XncTFhvbKc8ZgSYF+bVDBnnGGhR2u8jS5G5XM=
github.com/starter-go/configen v0.9.3/go.mod h1:F0Pw1TAmyIiahcuPBqywIM0nxaYGMD9o4FahvcH2AEQ=
github.com/starter-go/configen v0.9.5 h1:KTwueLMQA3Ba70sJddK+hOLEifOI0dTXpPkX/jiBjIo=
github.com/starter-go/configen v0.9.5/go.mod h1:n3qiv4z1nZ0h4qfcX9Ju8kUMgjuLUkv0EvL6lxQOwtQ=
github.com/starter-go/i18n v0.0.3 h1:2ybaAc+EYhPwyXt+/G7gchnprA3KLIPg0svJsCPEYAc=
github.com/starter-go/i18n v0.0.3/go.mod h1:HJr46enWYRYKOEMckaDJ0anCZODZAm+Oq0i4Aso4lpw=
github.com/starter-go/keyvalues v0.0.1 h1:nwvE7xp0eCq5rjHfLyYFEfowgZkDYBZcIT39c9ECjjk=
github.com/starter-go/keyvalues v0.0.1/go.mod h1:+S65W4rMjMYQZAmt766453lksB5C3PPp794W3iTCmVA=
github.com/starter-go/libgorm v0.9.10 h1:5eY/HbiBixsIIpeaqSKgC3n4HzistGoKh35pAj0R9WE=
github.com/starter-go/libgorm v0.9.10/go.mod h1:c9ytX4dVfXbqhiDuxzawFkq6brMd7ikY4kiO+k1+58k=
github.com/starter-go/libgorm v0.9.11 h1:f7oe4imZiMcSrXdlrifaszEdo8qzTk1TrIwZm8Q6qqM=
github.com/starter-go/libgorm v0.9.11/go.mod h1:XmwTH1/oq/UIYf0Lam/XZdnskrWITVOeVQs42mK4/oA=
github.com/starter-go/libgorm v0.9.12 h1:IUh5Iaz+QUhhNPOUR8VszEL24vZu79VeHbDryH5QPnQ=
github.com/starter-go/libgorm v0.9.12/go.mod h1:vWvQ++jf9qe/ik83eAPrnHzvovAXj8kMf174wenW7ho=
github.com/starter-go/mails v0.0.3 h1:qoVaZlpbtl5pQwVpgi5+mfpGMI9ChIqJGM8AVmq5ADE=
github.com/starter-go/mails v0.0.3/go.mod h1:X33ZC57lvCCULmjlTxrHC2J4P0xiJq1IaqLUFzc8DB4=
github.com/starter-go/mails v0.0.4 h1:vVApXU+8RbAKzcri9KtyKvq38Xxx1kbWobChDm5TM7U=
github.com/starter-go/mails v0.0.4/go.mod h1:o6/w0ouYtcSoVi95ZNlTPuKZxGq+ptQ3ardTmChBChc=
github.com/starter-go/mails v0.0.5 h1:xL2U63c63YuyKp/em611gZa2nMOWn2XKmUhi4FUR3YE=
github.com/starter-go/mails v0.0.5/go.mod h1:o6/w0ouYtcSoVi95ZNlTPuKZxGq+ptQ3ardTmChBChc=
github.com/starter-go/module-gorm-mysql v0.9.2 h1:72/Yo86qbuLoBx+WmjxXdNVNI4HNESspPGPdxjLAwYM=
github.com/starter-go/module-gorm-mysql v0.9.2/go.mod h1:WeYzkejROLnpL2xtpPsCfxibsG2SSlHWalj1Hr+lSr4=
github.com/starter-go/module-gorm-mysql v0.9.11 h1:PsYpSp+nMbBxKx2+QkHJ2iDyxifUr+TX7jeJrSTCzek=
github.com/starter-go/module-gorm-mysql v0.9.11/go.mod h1:vYPmAuu0fH5w0FJYWWrV2EUliWJM4Lg46oVMxkh/Gew=
github.com/starter-go/module-gorm-mysql v0.9.12 h1:pN1JeC0do3Ihem+ddqBoz4S8GQgc5bSIcEbj7YYtAWQ=
github.com/starter-go/module-gorm-mysql v0.9.12/go.mod h1:lNbJjC0EcO6xkOPEpXVi0bZq9Tc21tlkzaR91o9JEqY=
github.com/starter-go/module-gorm-mysql v1.0.0 h1:aWZ9Pc0EajrifTCMizQ9Q2RPpD1w3wzS5kWwmMfBae4=
github.com/starter-go/module-gorm-mysql v1.0.0/go.mod h1:lNbJjC0EcO6xkOPEpXVi0bZq9Tc21tlkzaR91o9JEqY=
github.com/starter-go/module-gorm-sqlserver v0.9.2 h1:WU40Rp1yh7GcuEC3dYO+m9pFufZ34APgq7svQnvY2Hg=
github.com/starter-go/module-gorm-sqlserver v0.9.2/go.mod h1:ytPUVt3SAVxAQagAmdAZPZ8hVDIjrCy8REXECZCvaTE=
github.com/starter-go/module-gorm-sqlserver v0.9.11 h1:9Js8dxJPzM1D8XOey0udfbtYzY9uSvgg5wUHWyTC1Gs=
github.com/starter-go/module-gorm-sqlserver v0.9.11/go.mod h1:D6DeeVy7vzuRcdZsmcGkaObfGgTJs0IriZlg8AfyqG0=
github.com/starter-go/module-gorm-sqlserver v0.9.12 h1:CbYm8iso2JYJfSvSMrKPnpWGM+qxTBPFPnSIATylzK0=
github.com/starter-go/module-gorm-sqlserver v0.9.12/go.mod h1:wedB0beg5CbfCIUYa+N/E6NLKWtYwluOfDMdRiqq9ug=
github.com/starter-go/module-gorm-sqlserver v1.0.0 h1:hcQdqcFhV5BU8JLX6SqerJUx9zSGcJdmESYp1b25SaU=
github.com/starter-go/module-gorm-sqlserver v1.0.0/go.mod h1:wedB0beg5CbfCIUYa+N/E6NLKWtYwluOfDMdRiqq9ug=
github.com/starter-go/rbac v0.0.1 h1:lreMbRRyrJV2xPeotS9cetiS7vC2CttodzfLtZY1+0o=
github.com/starter-go/rbac v0.0.1/go.mod h1:N93w2twpuiCD1yDDBeVyRm2a+Voz0OIpIpxpuox7fUY=
github.com/starter-go/rbac v0.0.2 h1:6pVHv0yOveEJ6d/I8fS+5Jsd2OzpILaZQ0OrOWUBQeA=
github.com/starter-go/rbac v0.0.2/go.mod h1:N93w2twpuiCD1yDDBeVyRm2a+Voz0OIpIpxpuox7fUY=
github.com/starter-go/rbac v0.0.3 h1:Rcj2Kp0Y8fUjzTshwjrzc1FvCvO8B784Xskk2W3ISMI=
github.com/starter-go/rbac v0.0.3/go.mod h1:N93w2twpuiCD1yDDBeVyRm2a+Voz0OIpIpxpuox7fUY=
github.com/starter-go/rbac v0.0.7 h1:Y/J961C/3Tfcu3lnH9pd2ZhlOWGdjidLZxYxC6S7BuM=
github.com/starter-go/rbac v0.0.7/go.mod h1:N93w2twpuiCD1yDDBeVyRm2a+Voz0OIpIpxpuox7fUY=
github.com/starter-go/rbac v0.0.8 h1:jgisFOVqy9Zgb1tLtA2gY2T7nPybUo1ofB5PWfZq/z4=
github.com/starter-go/rbac v0.0.8/go.mod h1:N93w2twpuiCD1yDDBeVyRm2a+Voz0OIpIpxpuox7fUY=
github.com/starter-go/rbac v0.0.9 h1:PD2KMb5DfqsJgmtnCjwa3O8UUcgJAnIO7ZMfnptrOlU=
github.com/starter-go/rbac v0.0.9/go.mod h1:N93w2twpuiCD1yDDBeVyRm2a+Voz0OIpIpxpuox7fUY=
github.com/starter-go/rbac v0.0.10 h1:MTj8zAoBGEk50BfQqUoJbImIsyBWJOCcU93ajHsONss=
github.com/starter-go/rbac v0.0.10/go.mod h1:N93w2twpuiCD1yDDBeVyRm2a+Voz0OIpIpxpuox7fUY=
github.com/starter-go/rbac v0.0.11 h1:9UYHYWB1meJz8e9JMPtlIAfw8cYofQijRB3sSRW1gAA=
github.com/starter-go/rbac v0.0.11/go.mod h1:N93w2twpuiCD1yDDBeVyRm2a+Voz0OIpIpxpuox7fUY=
github.com/starter-go/security v0.0.0-20240716123231-a552661f3ab8 h1:+omypRrXAIkarX6qGx7oUkam0clKMmMOPq3GKocGadk=
github.com/starter-go/security v0.0.0-20240716123231-a552661f3ab8/go.mod h1:77NbVfIPYlns+EH8vz32dB+F/Nh1Xv3Ttc2VxebeeDQ=
github.com/starter-go/security v0.0.0-20240716125944-b64506d38d5c h1:2lK23hxP9Qrn1NU+VaunaM7uw086q59s3cVF0pD8d+M=
github.com/starter-go/security v0.0.0-20240716125944-b64506d38d5c/go.mod h1:ULVgoPGaSuTBnF4fadbE4aOUqkn/QKy754JRxkn3SCE=
github.com/starter-go/security v0.0.0-20240716132334-81a5abda1050 h1:dqp1J1ygSrmCQZMd4q6W5r+WId7WAxrorNxMJBrv7E4=
github.com/starter-go/security v0.0.0-20240716132334-81a5abda1050/go.mod h1:ULVgoPGaSuTBnF4fadbE4aOUqkn/QKy754JRxkn3SCE=
github.com/starter-go/security v0.0.0-20240717092359-6087ec30520d h1:x7Abkj12Ek30JLhMQT4S0USXMmJ4IS0arSE9zah15pY=
github.com/starter-go/security v0.0.0-20240717092359-6087ec30520d/go.mod h1:WQkxWC12s/qpasD0Mbc3IiTN+Xp94nJwbe0NkLiKrQg=
github.com/starter-go/security v0.0.0-20240718040650-f494b2c8503f h1:xLWS4xXs73xr22V9dhraDzv0yByp/5gD6gZa40+BBwc=
github.com/starter-go/security v0.0.0-20240718040650-f494b2c8503f/go.mod h1:WQkxWC12s/qpasD0Mbc3IiTN+Xp94nJwbe0NkLiKrQg=
github.com/starter-go/security v1.0.20 h1:28K/Oj/SI4YOWcuFFku3JyRVk3ubkcUHY/B2CFaXsZc=
github.com/starter-go/security v1.0.20/go.mod h1:pzS9wG/r9bNNnZLgTw9MB5kRuaOWCV/uffxh2oMzkbI=
github.com/starter-go/security v1.0.21 h1:g6iJY+Zwoa0IRHZFUEOH8SP/JnmgPqMcIc80z3eQXPo=
github.com/starter-go/security v1.0.21/go.mod h1:pzS9wG/r9bNNnZLgTw9MB5kRuaOWCV/uffxh2oMzkbI=
github.com/starter-go/security v1.0.22 h1:l47gsaF5J+e07MF221NZQcFwduZtG3YqlloeuN+0Mi8=
github.com/starter-go/security v1.0.22/go.mod h1:pzS9wG/r9bNNnZLgTw9MB5kRuaOWCV/uffxh2oMzkbI=
github.com/starter-go/security v1.0.23 h1:ITA4K2DLhEz41e4VGhCrawtoqMZvTshzn1hwLrii3Ko=
github.com/starter-go/security v1.0.23/go.mod h1:pzS9wG/r9bNNnZLgTw9MB5kRuaOWCV/uffxh2oMzkbI=
github.com/starter-go/security v1.0.24 h1:o+s38fFziXvGgV1u0r7f59kMf6iRz3e+MC6hUNS1eNE=
github.com/starter-go/security v1.0.24/go.mod h1:pzS9wG/r9bNNnZLgTw9MB5kRuaOWCV/uffxh2oMzkbI=
github.com/starter-go/security v1.0.29 h1:qCH1aimlRvs9/F7K9Oi1pTPwaUE3A5qmlAOZ3IKiQkI=
github.com/starter-go/security v1.0.29/go.mod h1:Nm2XnvCl/7FJmFcEHuNYkxIyf/P3txjBJcFHkahPgyM=
github.com/starter-go/security v1.0.30 h1:CbavaNAioSxmZaTt+/QMKp0Ou0vQVEABVnMsn0MOKS0=
github.com/starter-go/security v1.0.30/go.mod h1:Nm2XnvCl/7FJmFcEHuNYkxIyf/P3txjBJcFHkahPgyM=
github.com/starter-go/security v1.0.31 h1:3QKuG4Qf4on3XJ1HhG+XqsB3j1m6EtlJ+QUBpQT/j0I=
github.com/starter-go/security v1.0.31/go.mod h1:Nm2XnvCl/7FJmFcEHuNYkxIyf/P3txjBJcFHkahPgyM=
github.com/starter-go/security v1.0.32 h1:12xkuHPkzNkXy3ZfczqqnakdJ3afzHZljSJbAdFl9Cs=
github.com/starter-go/security v1.0.32/go.mod h1:Nm2XnvCl/7FJmFcEHuNYkxIyf/P3txjBJcFHkahPgyM=
github.com/starter-go/security v1.0.33 h1:cvrnBnBxESCqvBZ1vPCzR5POSwPoR7caTCEVnSFhxLk=
github.com/starter-go/security v1.0.33/go.mod h1:Nm2XnvCl/7FJmFcEHuNYkxIyf/P3txjBJcFHkahPgyM=
github.com/starter-go/security v1.0.34 h1:GrwNk3i8Mn9xRZPcx2RnNv3IXvqS0Vx9S9m8l0kzJpo=
github.com/starter-go/security v1.0.34/go.mod h1:Nm2XnvCl/7FJmFcEHuNYkxIyf/P3txjBJcFHkahPgyM=
github.com/starter-go/security v1.0.35 h1:rv6rtMsc/j/AjiVBlXPri1q6cQQHkjeAMgz+Wm9b4ug=
github.com/starter-go/security v1.0.35/go.mod h1:Nm2XnvCl/7FJmFcEHuNYkxIyf/P3txjBJcFHkahPgyM=
github.com/starter-go/security v1.0.36 h1:fp1JBSIVlCCFibCRB+tk7WcJktg4J9psxXz9ELIG/JY=
github.com/starter-go/security v1.0.36/go.mod h1:Nm2XnvCl/7FJmFcEHuNYkxIyf/P3txjBJcFHkahPgyM=
github.com/starter-go/security v1.0.37 h1:nGrhMhd2ztx6bxKhYndzd8b19x/VZJNDZTcJai7P4RI=
github.com/starter-go/security v1.0.37/go.mod h1:Nm2XnvCl/7FJmFcEHuNYkxIyf/P3txjBJcFHkahPgyM=
github.com/starter-go/security v1.0.38 h1:8JeGlCKvaPSoQILUcTB3FXvEdF2PiOtSR9xF91k+7BY=
github.com/starter-go/security v1.0.38/go.mod h1:Nm2XnvCl/7FJmFcEHuNYkxIyf/P3txjBJcFHkahPgyM=
github.com/starter-go/security v1.0.39 h1:ej4k3pf1S7MaXx6zuH5wOpHKPmkmZHYfl/7EJGRZNqg=
github.com/starter-go/security v1.0.39/go.mod h1:Nm2XnvCl/7FJmFcEHuNYkxIyf/P3txjBJcFHkahPgyM=
github.com/starter-go/security v1.0.40 h1:D6DGHJ6fqst7uiWC3Ph7Ey+4MkPLbpfvu7ZXqy/RlFs=
github.com/starter-go/security v1.0.40/go.mod h1:FSUySusR9VV/M+CHiKIhHPC4qBR3YKVkHRp/6RwmOe8=
github.com/starter-go/security v1.0.41 h1:rbRZTKwHTy2xfNtbtWRVJkPGUAAREumKfoRCx8NA5Ms=
github.com/starter-go/security v1.0.41/go.mod h1:FSUySusR9VV/M+CHiKIhHPC4qBR3YKVkHRp/6RwmOe8=
github.com/starter-go/security v1.0.43 h1:ikSNqS/LuGorxb5n1tcwNS19f/hYAtNZE0kdgJKHqJQ=
github.com/starter-go/security v1.0.43/go.mod h1:a37FpUpJQcFKnDeRIEdRzWgO1IZcuDZUGvrmH3p9gOo=
github.com/starter-go/security v1.0.44 h1:HJoJlrzWm5JHz50pkDmSL+U17M/hXp/ezTfjyZGPGN4=
github.com/starter-go/security v1.0.44/go.mod h1:uDZsGjNZI4ifukqxE2kDPEnaZo1kd8JMC2d7eX9OGGk=
github.com/starter-go/security v1.0.45 h1:+hX7r+g6mUC11dobtNRvYi9fO6+unGfgSHRE5XGMoXA=
github.com/starter-go/security v1.0.45/go.mod h1:uDZsGjNZI4ifukqxE2kDPEnaZo1kd8JMC2d7eX9OGGk=
github.com/starter-go/security v1.0.46 h1:bHXUa7Nnb6kosjPNjS7pl4lyghp+Zsa7KU/mFoLO5mk=
github.com/starter-go/security v1.0.46/go.mod h1:FTlS7uJKkQ6wajIjzLU5LR+FDO6sGLU+pTnDjqzRmbY=
github.com/starter-go/security v1.0.48 h1:oTOh1F8Vac7M72+Ks1PgtwPAniKX21AFkWe7nB6ABc0=
github.com/starter-go/security v1.0.48/go.mod h1:7aqLkCStJ814ZGYOOSGz5yvBvMThMse+nL6jEqsRD+U=
github.com/starter-go/security v1.0.50 h1:eTkYCpD4OHnccmnK488CfhzocbTTN1bLG4a174H0lPU=
github.com/starter-go/security v1.0.50/go.mod h1:4zE3goF4/vZUfPBzayWxVZAKAJUnG1dE2Ww8yAMg0E4=
github.com/starter-go/security v1.0.51 h1:9PsIIn87a5VhLIHRfUeeI6UJ5AY8D1CpFnYGp+R4ABc=
github.com/starter-go/security v1.0.51/go.mod h1:9eVicmela0nghysFOEOk1l9W+16P5YbZW1/DPB3oOgE=
github.com/starter-go/security v1.0.52 h1:GhVRv2x6BReW+9fJyh589LpouunQjWIS1SSP5nexA9A=
github.com/starter-go/security v1.0.52/go.mod h1:9eVicmela0nghysFOEOk1l9W+16P5YbZW1/DPB3oOgE=
github.com/starter-go/security v1.0.53 h1:CPmfM3bseuJ+Q97LeoKE9RT4BF63ZuZTCf4q9+YSLoo=
github.com/starter-go/security v1.0.53/go.mod h1:9eVicmela0nghysFOEOk1l9W+16P5YbZW1/DPB3oOgE=
github.com/starter-go/security v1.0.54 h1:2irJaAhkKVcm7XpP0jKNFQZpslv88US8K3Zl6vO8XeQ=
github.com/starter-go/security v1.0.54/go.mod h1:WQkxWC12s/qpasD0Mbc3IiTN+Xp94nJwbe0NkLiKrQg=
github.com/starter-go/security v1.0.55 h1:ML1Qj4IGoHz7nMqVquuN2gsiBpDKpmmCpvZtshC4B1U=
github.com/starter-go/security v1.0.55/go.mod h1:WQkxWC12s/qpasD0Mbc3IiTN+Xp94nJwbe0NkLiKrQg=
github.com/starter-go/starter v1.0.3 h1:12X37D4n8boyXCi6+OYKvJyIuoKuDXF6jtO9tzt6IVs=
github.com/starter-go/starter v1.0.3/go.mod h1:dGI7FtGwccFzyJrnbp4HuWdiZBO602aptheV62x7ZZ0=
github.com/starter-go/starter v1.0.4 h1:HcryIw7l09JwaaeSEs7og5AneOfEI52IaxpOEf2QUVA=
github.com/starter-go/starter v1.0.4/go.mod h1:j4xPiEqJgINNO92vnmvr28n7SvURI+fDgA5PlB/x6eg=
github.com/starter-go/starter v1.0.7 h1:7S9kE5Qz5NNEkcPBtCRXKP1+a/3tWpBSz8LUVKZgzDI=
github.com/starter-go/starter v1.0.7/go.mod h1:2A0+bOFusx1p+oblSjLWkqUbx19tnCUH7hltt1pgbl8=
github.com/starter-go/starter v1.0.8 h1:cmBJbVSb0s3YJPU16hZYCmFJGFevIxLg7gpyoXsOwJ0=
github.com/starter-go/starter v1.0.8/go.mod h1:gD1cVYjsYcE+4bLKZzXQp/O5v/mvbDg8LeIRZr61VhA=
github.com/starter-go/starter v1.0.10 h1:DtKuUQlnobPFk/S3Rl5kl1vdxeh3wtX2NIosxlGwUjM=
github.com/starter-go/starter v1.0.10/go.mod h1:mfr0zOFpB4S7jVtBUbra1kdmn00L9pKGooibTBI6VP0=
github.com/starter-go/units v0.0.6 h1:1sLqKa+9r3k+F89up7tGxqiBZ0kX/e7bbjgmw0bc1A8=
github.com/starter-go/units v0.0.6/go.mod h1:GC3pHwA0Km2CZmZkv195/P/cTfHCPw4UlCerQngbcus=
github.com/starter-go/vlog v0.9.5 h1:Rh5L8KjicweDjH5UDKVQzqG2Q9/y63G1TWHe8u6VZpk=
github.com/starter-go/vlog v0.9.5/go.mod h1:WSaU9IGbEaDe/Eoh2W8JOjSn6wdjfGkgBbxJxaqUI/0=
github.com/starter-go/vlog v0.9.7 h1:ysmWPxsJtgRxL5ht4abtWvJW9E7vLFAtuOOi/XtpSmY=
github.com/starter-go/vlog v0.9.7/go.mod h1:ywWUCfWNTqXrelvO4/3sQ04SCW4ClR3PiN3qpSlXhH0=
github.com/starter-go/vlog v0.9.8 h1:NmVv/lquEmvQ78nRf0C5eiJ0prNByV8o4aMmwBB3isc=
github.com/starter-go/vlog v0.9.8/go.mod h1:ywWUCfWNTqXrelvO4/3sQ04SCW4ClR3PiN3qpSlXhH0=
github.com/stretchr/objx v0.1.0/go.mod h1:HFkY916IF+rwdDfMAkV7OtwuqBVzrE8GR6GFx+wExME=
github.com/stretchr/objx v0.4.0/go.mod h1:YvHI0jy2hoMjB+UWwv71VJQ9isScKT/TqJzVSSt89Yw=
github.com/stretchr/objx v0.5.0/go.mod h1:Yh+to48EsGEfYuaHDzXPcE3xhTkx73EhmCGUpEOglKo=
github.com/stretchr/testify v1.4.0/go.mod h1:j7eGeouHqKxXV5pUuKE4zz7dFj8WfuZ+81PSLYec5m4=
github.com/stretchr/testify v1.7.0/go.mod h1:6Fq8oRcR53rry900zMqJjRRixrwX3KX962/h/Wwjteg=
github.com/stretchr/testify v1.7.1/go.mod h1:6Fq8oRcR53rry900zMqJjRRixrwX3KX962/h/Wwjteg=
github.com/stretchr/testify v1.8.0/go.mod h1:yNjHg4UonilssWZ8iaSj1OCr/vHnekPRkoO+kdMU+MU=
github.com/stretchr/testify v1.8.1/go.mod h1:w2LPCIKwWwSfY2zedu0+kehJoqGctiVI29o6fzry7u4=
github.com/stretchr/testify v1.8.2/go.mod h1:w2LPCIKwWwSfY2zedu0+kehJoqGctiVI29o6fzry7u4=
github.com/stretchr/testify v1.8.4/go.mod h1:sz/lmYIOXD/1dqDmKjjqLyZ2RngseejIcXlSw2iwfAo=
github.com/yuin/goldmark v1.4.13/go.mod h1:6yULJ656Px+3vBD8DxQVa3kxgyrAnzto9xy5taEt/CY=
golang.org/x/crypto v0.0.0-20190308221718-c2843e01d9a2/go.mod h1:djNgcEr1/C05ACkg1iLfiJU5Ep61QUkGW8qpdssI0+w=
golang.org/x/crypto v0.0.0-20200622213623-75b288015ac9/go.mod h1:LzIPMQfyMNhhGPhUkYOs5KpL4U8rLKemX1yGLhDgUto=
golang.org/x/crypto v0.0.0-20210921155107-089bfa567519/go.mod h1:GvvjBRRGRdwPK5ydBHafDWAxML/pGHZbMvKqRZ5+Abc=
golang.org/x/crypto v0.6.0/go.mod h1:OFC/31mSvZgRz0V1QTNCzfAI1aIRzbiufJtkMIlEp58=
golang.org/x/crypto v0.7.0/go.mod h1:pYwdfH91IfpZVANVyUOhSIPZaFoJGxTFbZhFTx+dXZU=
golang.org/x/crypto v0.9.0 h1:LF6fAI+IutBocDJ2OT0Q1g8plpYljMZ4+lty+dsqw3g=
golang.org/x/crypto v0.9.0/go.mod h1:yrmDGqONDYtNj3tH8X9dzUun2m2lzPa9ngI6/RUPGR0=
golang.org/x/crypto v0.12.0/go.mod h1:NF0Gs7EO5K4qLn+Ylc+fih8BSTeIjAP05siRnAh98yw=
golang.org/x/crypto v0.14.0 h1:wBqGXzWJW6m1XrIKlAH0Hs1JJ7+9KBwnIO8v66Q9cHc=
golang.org/x/crypto v0.14.0/go.mod h1:MVFd36DqK4CsrnJYDkBA3VC4m2GkXAM0PvzMCn4JQf4=
golang.org/x/mod v0.6.0-dev.0.20220419223038-86c51ed26bb4/go.mod h1:jJ57K6gSWd91VN4djpZkiMVwK6gcyfeH4XE8wZrZaV4=
golang.org/x/mod v0.8.0/go.mod h1:iBbtSCu2XBx23ZKBPSOrRkjjQPZFPuis4dIYUhu/chs=
golang.org/x/net v0.0.0-20190404232315-eb5bcb51f2a3/go.mod h1:t9HGtf8HONx5eT2rtn7q6eTqICYqUVnKs3thJo3Qplg=
golang.org/x/net v0.0.0-20190620200207-3b0461eec859/go.mod h1:z5CRVTTTmAJ677TzLLGU+0bjPO0LkuOLi4/5GtJWs/s=
golang.org/x/net v0.0.0-20200114155413-6afb5195e5aa/go.mod h1:z5CRVTTTmAJ677TzLLGU+0bjPO0LkuOLi4/5GtJWs/s=
golang.org/x/net v0.0.0-20201010224723-4f7140c49acb/go.mod h1:sp8m0HH+o8qH0wwXwYZr8TS3Oi6o0r6Gce1SSxlDquU=
golang.org/x/net v0.0.0-20210226172049-e18ecbb05110/go.mod h1:m0MpNAwzfU5UDzcl9v0D8zg8gWTRqZa9RBIspLL5mdg=
golang.org/x/net v0.0.0-20220722155237-a158d28d115b/go.mod h1:XRhObCWvk6IyKnWLug+ECip1KBveYUHfp+8e9klMJ9c=
golang.org/x/net v0.6.0/go.mod h1:2Tu9+aMcznHK/AK1HMvgo6xiTLG5rD5rZLDS+rp2Bjs=
golang.org/x/net v0.7.0/go.mod h1:2Tu9+aMcznHK/AK1HMvgo6xiTLG5rD5rZLDS+rp2Bjs=
golang.org/x/net v0.8.0/go.mod h1:QVkue5JL9kW//ek3r6jTKnTFis1tRmNAW2P1shuFdJc=
golang.org/x/net v0.10.0/go.mod h1:0qNGK6F8kojg2nk9dLZ2mShWaEBan6FAoqfSigmmuDg=
golang.org/x/net v0.14.0/go.mod h1:PpSgVXXLK0OxS0F31C1/tv6XNguvCrnXIDrFMspZIUI=
golang.org/x/sync v0.0.0-20190423024810-112230192c58/go.mod h1:RxMgew5VJxzue5/jJTE5uejpjVlOe/izrB70Jof72aM=
golang.org/x/sync v0.0.0-20220722155255-886fb9371eb4/go.mod h1:RxMgew5VJxzue5/jJTE5uejpjVlOe/izrB70Jof72aM=
golang.org/x/sync v0.1.0/go.mod h1:RxMgew5VJxzue5/jJTE5uejpjVlOe/izrB70Jof72aM=
golang.org/x/sys v0.0.0-20190215142949-d0b11bdaac8a/go.mod h1:STP8DvDyc/dI5b8T5hshtkjS+E42TnysNCUPdjciGhY=
golang.org/x/sys v0.0.0-20190412213103-97732733099d/go.mod h1:h1NjWce9XRLGQEsW7wpKNCjG9DtNlClVuFLEZdDNbEs=
golang.org/x/sys v0.0.0-20200930185726-fdedc70b468f/go.mod h1:h1NjWce9XRLGQEsW7wpKNCjG9DtNlClVuFLEZdDNbEs=
golang.org/x/sys v0.0.0-20201119102817-f84b799fce68/go.mod h1:h1NjWce9XRLGQEsW7wpKNCjG9DtNlClVuFLEZdDNbEs=
golang.org/x/sys v0.0.0-20210615035016-665e8c7367d1/go.mod h1:oPkhp1MJrh7nUepCBck5+mAzfO9JrbApNNgaTdGDITg=
golang.org/x/sys v0.0.0-20210616045830-e2b7044e8c71/go.mod h1:oPkhp1MJrh7nUepCBck5+mAzfO9JrbApNNgaTdGDITg=
golang.org/x/sys v0.0.0-20220520151302-bc2c85ada10a/go.mod h1:oPkhp1MJrh7nUepCBck5+mAzfO9JrbApNNgaTdGDITg=
golang.org/x/sys v0.0.0-20220722155257-8c9f86f7a55f/go.mod h1:oPkhp1MJrh7nUepCBck5+mAzfO9JrbApNNgaTdGDITg=
golang.org/x/sys v0.5.0/go.mod h1:oPkhp1MJrh7nUepCBck5+mAzfO9JrbApNNgaTdGDITg=
golang.org/x/sys v0.6.0/go.mod h1:oPkhp1MJrh7nUepCBck5+mAzfO9JrbApNNgaTdGDITg=
golang.org/x/sys v0.8.0/go.mod h1:oPkhp1MJrh7nUepCBck5+mAzfO9JrbApNNgaTdGDITg=
golang.org/x/sys v0.11.0/go.mod h1:oPkhp1MJrh7nUepCBck5+mAzfO9JrbApNNgaTdGDITg=
golang.org/x/term v0.0.0-20201126162022-7de9c90e9dd1/go.mod h1:bj7SfCRtBDWHUb9snDiAeCFNEtKQo2Wmx5Cou7ajbmo=
golang.org/x/term v0.0.0-20210927222741-03fcf44c2211/go.mod h1:jbD1KX2456YbFQfuXm/mYQcufACuNUgVhRMnK/tPxf8=
golang.org/x/term v0.5.0/go.mod h1:jMB1sMXY+tzblOD4FWmEbocvup2/aLOaQEp7JmGp78k=
golang.org/x/term v0.6.0/go.mod h1:m6U89DPEgQRMq3DNkDClhWw02AUbt2daBVO4cn4Hv9U=
golang.org/x/term v0.8.0/go.mod h1:xPskH00ivmX89bAKVGSKKtLOWNx2+17Eiy94tnKShWo=
golang.org/x/term v0.11.0/go.mod h1:zC9APTIj3jG3FdV/Ons+XE1riIZXG4aZ4GTHiPZJPIU=
golang.org/x/text v0.3.0/go.mod h1:NqM8EUOU14njkJ3fqMW+pc6Ldnwhi/IjpwHt7yyuwOQ=
golang.org/x/text v0.3.3/go.mod h1:5Zoc/QRtKVWzQhOtBMvqHzDpF6irO9z98xDceosuGiQ=
golang.org/x/text v0.3.7/go.mod h1:u+2+/6zg+i71rQMx5EYifcz6MCKuco9NR6JIITiCfzQ=
golang.org/x/text v0.7.0/go.mod h1:mrYo+phRRbMaCq/xk9113O4dZlRixOauAjOtrjsXDZ8=
golang.org/x/text v0.8.0/go.mod h1:e1OnstbJyHTd6l/uOt8jFFHp6TRDWZR/bV3emEE/zU8=
golang.org/x/text v0.9.0/go.mod h1:e1OnstbJyHTd6l/uOt8jFFHp6TRDWZR/bV3emEE/zU8=
golang.org/x/text v0.12.0/go.mod h1:TvPlkZtksWOMsz7fbANvkp4WM8x/WCo/om8BMLbz+aE=
golang.org/x/text v0.13.0 h1:ablQoSUd0tRdKxZewP80B+BaqeKJuVhuRxj/dkrun3k=
golang.org/x/text v0.13.0/go.mod h1:TvPlkZtksWOMsz7fbANvkp4WM8x/WCo/om8BMLbz+aE=
golang.org/x/tools v0.0.0-20180917221912-90fa682c2a6e/go.mod h1:n7NCudcB/nEzxVGmLbDWY5pfWTLqBcC2KZ6jyYvM4mQ=
golang.org/x/tools v0.0.0-20191119224855-298f0cb1881e/go.mod h1:b+2E5dAYhXwXZwtnZ6UAqBI28+e2cm9otk0dWdXHAEo=
golang.org/x/tools v0.1.12/go.mod h1:hNGJHUnrk76NpqgfD5Aqm5Crs+Hm0VOH/i9J2+nxYbc=
golang.org/x/tools v0.6.0/go.mod h1:Xwgl3UAJ/d3gWutnCtw505GrjyAbvKui8lOU390QaIU=
golang.org/x/xerrors v0.0.0-20190717185122-a985d3407aa7/go.mod h1:I/5z698sn9Ka8TeJc9MKroUUfqBBauWjQqLJ2OPfmY0=
gopkg.in/check.v1 v0.0.0-20161208181325-20d25e280405/go.mod h1:Co6ibVJAznAaIkqp8huTwlJQCZ016jof/cbN4VW5Yz0=
gopkg.in/natefinch/npipe.v2 v2.0.0-20160621034901-c1b8fa8bdcce/go.mod h1:5AcXVHNjg+BDxry382+8OKon8SEWiKktQR07RKPsv1c=
gopkg.in/yaml.v2 v2.2.1/go.mod h1:hI93XBmqTisBFMUTm0b8Fm+jr3Dg1NNxqwp+5A1VGuI=
gopkg.in/yaml.v2 v2.2.2/go.mod h1:hI93XBmqTisBFMUTm0b8Fm+jr3Dg1NNxqwp+5A1VGuI=
gopkg.in/yaml.v2 v2.2.8/go.mod h1:hI93XBmqTisBFMUTm0b8Fm+jr3Dg1NNxqwp+5A1VGuI=
gopkg.in/yaml.v2 v2.4.0/go.mod h1:RDklbk79AGWmwhnvt/jBztapEOGDOx6ZbXqjP6csGnQ=
gopkg.in/yaml.v3 v3.0.0-20200313102051-9f266ea9e77c/go.mod h1:K4uyk7z7BCEPqu6E+C64Yfv1cQ7kz7rIZviUmN+EgEM=
gopkg.in/yaml.v3 v3.0.1/go.mod h1:K4uyk7z7BCEPqu6E+C64Yfv1cQ7kz7rIZviUmN+EgEM=
gorm.io/driver/mysql v1.5.2 h1:QC2HRskSE75wBuOxe0+iCkyJZ+RqpudsQtqkp+IMuXs=
gorm.io/driver/mysql v1.5.2/go.mod h1:pQLhh1Ut/WUAySdTHwBpBv6+JKcj+ua4ZFx1QQTBzb8=
gorm.io/driver/sqlserver v1.5.1 h1:wpyW/pR26U94uaujltiFGXY7fd2Jw5hC9PB1ZF/Y5s4=
gorm.io/driver/sqlserver v1.5.1/go.mod h1:AYHzzte2msKTmYBYsSIq8ZUsznLJwBdkB2wpI+kt0nM=
gorm.io/driver/sqlserver v1.5.2 h1:+o4RQ8w1ohPbADhFqDxeeZnSWjwOcBnxBckjTbcP4wk=
gorm.io/driver/sqlserver v1.5.2/go.mod h1:gaKF0MO0cfTq9Q3/XhkowSw4g6nIwHPGAs4hzKCmvBo=
gorm.io/gorm v1.25.1/go.mod h1:L4uxeKpfBml98NYqVqwAdmV1a2nBtAec/cf3fpucW/k=
gorm.io/gorm v1.25.2-0.20230530020048-26663ab9bf55/go.mod h1:L4uxeKpfBml98NYqVqwAdmV1a2nBtAec/cf3fpucW/k=
gorm.io/gorm v1.25.2-0.20230610234218-206613868439/go.mod h1:L4uxeKpfBml98NYqVqwAdmV1a2nBtAec/cf3fpucW/k=
gorm.io/gorm v1.25.5 h1:zR9lOiiYf09VNh5Q1gphfyia1JpiClIWG9hQaxB/mls=
gorm.io/gorm v1.25.5/go.mod h1:hbnx/Oo0ChWMn1BIhpy1oYozzpM15i4YPuHDmfYtwg8=
